// !$*UTF8*$!
{
	archiveVersion = 1;
	classes = {
	};
	objectVersion = 56;
	objects = {

/* Begin PBXBuildFile section */
		A164C4A829D3676A006F6625 /* FriendsAppApp.swift in Sources */ = {isa = PBXBuildFile; fileRef = A164C4A729D3676A006F6625 /* FriendsAppApp.swift */; };
		A164C4AA29D3676A006F6625 /* ContentView.swift in Sources */ = {isa = PBXBuildFile; fileRef = A164C4A929D3676A006F6625 /* ContentView.swift */; };
		A164C4AC29D3676C006F6625 /* Assets.xcassets in Resources */ = {isa = PBXBuildFile; fileRef = A164C4AB29D3676C006F6625 /* Assets.xcassets */; };
		A164C4AF29D3676C006F6625 /* Preview Assets.xcassets in Resources */ = {isa = PBXBuildFile; fileRef = A164C4AE29D3676C006F6625 /* Preview Assets.xcassets */; };
		A164C4BB29D368FC006F6625 /* NetworkManager.swift in Sources */ = {isa = PBXBuildFile; fileRef = A164C4BA29D368FC006F6625 /* NetworkManager.swift */; };
		A164C4BE29D3698F006F6625 /* AppConstants.swift in Sources */ = {isa = PBXBuildFile; fileRef = A164C4BD29D3698F006F6625 /* AppConstants.swift */; };
		A164C4C029D369BB006F6625 /* UrlExtension.swift in Sources */ = {isa = PBXBuildFile; fileRef = A164C4BF29D369BB006F6625 /* UrlExtension.swift */; };
		A164C4C229D36A22006F6625 /* ImageLoaderService.swift in Sources */ = {isa = PBXBuildFile; fileRef = A164C4C129D36A22006F6625 /* ImageLoaderService.swift */; };
		A164C4C829D36AFC006F6625 /* ImageLoaderViewModel.swift in Sources */ = {isa = PBXBuildFile; fileRef = A164C4C729D36AFC006F6625 /* ImageLoaderViewModel.swift */; };
		A164C4CA29D36B1A006F6625 /* ImageLoaderView.swift in Sources */ = {isa = PBXBuildFile; fileRef = A164C4C929D36B1A006F6625 /* ImageLoaderView.swift */; };
		A164C4CC29D36F63006F6625 /* NoDataView.swift in Sources */ = {isa = PBXBuildFile; fileRef = A164C4CB29D36F63006F6625 /* NoDataView.swift */; };
		A164C4CE29D37114006F6625 /* ResponseModel.swift in Sources */ = {isa = PBXBuildFile; fileRef = A164C4CD29D37114006F6625 /* ResponseModel.swift */; };
		A164C4D029D37145006F6625 /* UserModel.swift in Sources */ = {isa = PBXBuildFile; fileRef = A164C4CF29D37145006F6625 /* UserModel.swift */; };
		A164C4D229D3744E006F6625 /* FriendListService.swift in Sources */ = {isa = PBXBuildFile; fileRef = A164C4D129D3744E006F6625 /* FriendListService.swift */; };
		A164C4D729D375D8006F6625 /* FriendsViewModel.swift in Sources */ = {isa = PBXBuildFile; fileRef = A164C4D629D375D8006F6625 /* FriendsViewModel.swift */; };
		A164C4D929D38099006F6625 /* FriendsGridView.swift in Sources */ = {isa = PBXBuildFile; fileRef = A164C4D829D38099006F6625 /* FriendsGridView.swift */; };
		A1E0151C29D4A498002B25B1 /* FriendsDetailsView.swift in Sources */ = {isa = PBXBuildFile; fileRef = A1E0151B29D4A498002B25B1 /* FriendsDetailsView.swift */; };
		A1E0151E29D4A4F9002B25B1 /* FriendGridItemView.swift in Sources */ = {isa = PBXBuildFile; fileRef = A1E0151D29D4A4F9002B25B1 /* FriendGridItemView.swift */; };
		A1E0152029D4A9D6002B25B1 /* InfoItemView.swift in Sources */ = {isa = PBXBuildFile; fileRef = A1E0151F29D4A9D6002B25B1 /* InfoItemView.swift */; };
/* End PBXBuildFile section */

/* Begin PBXFileReference section */
		A164C4A429D3676A006F6625 /* FriendsApp.app */ = {isa = PBXFileReference; explicitFileType = wrapper.application; includeInIndex = 0; path = FriendsApp.app; sourceTree = BUILT_PRODUCTS_DIR; };
		A164C4A729D3676A006F6625 /* FriendsAppApp.swift */ = {isa = PBXFileReference; lastKnownFileType = sourcecode.swift; path = FriendsAppApp.swift; sourceTree = "<group>"; };
		A164C4A929D3676A006F6625 /* ContentView.swift */ = {isa = PBXFileReference; lastKnownFileType = sourcecode.swift; path = ContentView.swift; sourceTree = "<group>"; };
		A164C4AB29D3676C006F6625 /* Assets.xcassets */ = {isa = PBXFileReference; lastKnownFileType = folder.assetcatalog; path = Assets.xcassets; sourceTree = "<group>"; };
		A164C4AE29D3676C006F6625 /* Preview Assets.xcassets */ = {isa = PBXFileReference; lastKnownFileType = folder.assetcatalog; path = "Preview Assets.xcassets"; sourceTree = "<group>"; };
		A164C4BA29D368FC006F6625 /* NetworkManager.swift */ = {isa = PBXFileReference; lastKnownFileType = sourcecode.swift; path = NetworkManager.swift; sourceTree = "<group>"; };
		A164C4BD29D3698F006F6625 /* AppConstants.swift */ = {isa = PBXFileReference; lastKnownFileType = sourcecode.swift; path = AppConstants.swift; sourceTree = "<group>"; };
		A164C4BF29D369BB006F6625 /* UrlExtension.swift */ = {isa = PBXFileReference; lastKnownFileType = sourcecode.swift; path = UrlExtension.swift; sourceTree = "<group>"; };
		A164C4C129D36A22006F6625 /* ImageLoaderService.swift */ = {isa = PBXFileReference; lastKnownFileType = sourcecode.swift; path = ImageLoaderService.swift; sourceTree = "<group>"; };
		A164C4C729D36AFC006F6625 /* ImageLoaderViewModel.swift */ = {isa = PBXFileReference; lastKnownFileType = sourcecode.swift; path = ImageLoaderViewModel.swift; sourceTree = "<group>"; };
		A164C4C929D36B1A006F6625 /* ImageLoaderView.swift */ = {isa = PBXFileReference; lastKnownFileType = sourcecode.swift; path = ImageLoaderView.swift; sourceTree = "<group>"; };
		A164C4CB29D36F63006F6625 /* NoDataView.swift */ = {isa = PBXFileReference; lastKnownFileType = sourcecode.swift; path = NoDataView.swift; sourceTree = "<group>"; };
		A164C4CD29D37114006F6625 /* ResponseModel.swift */ = {isa = PBXFileReference; lastKnownFileType = sourcecode.swift; path = ResponseModel.swift; sourceTree = "<group>"; };
		A164C4CF29D37145006F6625 /* UserModel.swift */ = {isa = PBXFileReference; lastKnownFileType = sourcecode.swift; path = UserModel.swift; sourceTree = "<group>"; };
		A164C4D129D3744E006F6625 /* FriendListService.swift */ = {isa = PBXFileReference; lastKnownFileType = sourcecode.swift; path = FriendListService.swift; sourceTree = "<group>"; };
		A164C4D629D375D8006F6625 /* FriendsViewModel.swift */ = {isa = PBXFileReference; lastKnownFileType = sourcecode.swift; path = FriendsViewModel.swift; sourceTree = "<group>"; };
		A164C4D829D38099006F6625 /* FriendsGridView.swift */ = {isa = PBXFileReference; lastKnownFileType = sourcecode.swift; path = FriendsGridView.swift; sourceTree = "<group>"; };
		A164C4DA29D38F2D006F6625 /* Info.plist */ = {isa = PBXFileReference; lastKnownFileType = text.plist; path = Info.plist; sourceTree = "<group>"; };
		A1E0151B29D4A498002B25B1 /* FriendsDetailsView.swift */ = {isa = PBXFileReference; lastKnownFileType = sourcecode.swift; path = FriendsDetailsView.swift; sourceTree = "<group>"; };
		A1E0151D29D4A4F9002B25B1 /* FriendGridItemView.swift */ = {isa = PBXFileReference; lastKnownFileType = sourcecode.swift; path = FriendGridItemView.swift; sourceTree = "<group>"; };
		A1E0151F29D4A9D6002B25B1 /* InfoItemView.swift */ = {isa = PBXFileReference; lastKnownFileType = sourcecode.swift; path = InfoItemView.swift; sourceTree = "<group>"; };
/* End PBXFileReference section */

/* Begin PBXFrameworksBuildPhase section */
		A164C4A129D3676A006F6625 /* Frameworks */ = {
			isa = PBXFrameworksBuildPhase;
			buildActionMask = 2147483647;
			files = (
			);
			runOnlyForDeploymentPostprocessing = 0;
		};
/* End PBXFrameworksBuildPhase section */

/* Begin PBXGroup section */
		A164C49B29D3676A006F6625 = {
			isa = PBXGroup;
			children = (
				A164C4A629D3676A006F6625 /* FriendsApp */,
				A164C4A529D3676A006F6625 /* Products */,
			);
			sourceTree = "<group>";
		};
		A164C4A529D3676A006F6625 /* Products */ = {
			isa = PBXGroup;
			children = (
				A164C4A429D3676A006F6625 /* FriendsApp.app */,
			);
			name = Products;
			sourceTree = "<group>";
		};
		A164C4A629D3676A006F6625 /* FriendsApp */ = {
			isa = PBXGroup;
			children = (
				A164C4DA29D38F2D006F6625 /* Info.plist */,
				A164C4B829D367C6006F6625 /* Networking */,
				A164C4B729D367BB006F6625 /* Utilities */,
				A164C4B629D367B6006F6625 /* Models */,
				A164C4B529D367AD006F6625 /* Core */,
				A164C4A729D3676A006F6625 /* FriendsAppApp.swift */,
				A164C4A929D3676A006F6625 /* ContentView.swift */,
				A164C4AB29D3676C006F6625 /* Assets.xcassets */,
				A164C4AD29D3676C006F6625 /* Preview Content */,
			);
			path = FriendsApp;
			sourceTree = "<group>";
		};
		A164C4AD29D3676C006F6625 /* Preview Content */ = {
			isa = PBXGroup;
			children = (
				A164C4AE29D3676C006F6625 /* Preview Assets.xcassets */,
			);
			path = "Preview Content";
			sourceTree = "<group>";
		};
		A164C4B529D367AD006F6625 /* Core */ = {
			isa = PBXGroup;
			children = (
				A164C4D329D375B6006F6625 /* Friends */,
				A164C4C329D36A3A006F6625 /* Components */,
			);
			path = Core;
			sourceTree = "<group>";
		};
		A164C4B629D367B6006F6625 /* Models */ = {
			isa = PBXGroup;
			children = (
				A164C4CD29D37114006F6625 /* ResponseModel.swift */,
				A164C4CF29D37145006F6625 /* UserModel.swift */,
			);
			path = Models;
			sourceTree = "<group>";
		};
		A164C4B729D367BB006F6625 /* Utilities */ = {
			isa = PBXGroup;
			children = (
				A164C4BC29D3696C006F6625 /* Extentions */,
				A164C4BD29D3698F006F6625 /* AppConstants.swift */,
			);
			path = Utilities;
			sourceTree = "<group>";
		};
		A164C4B829D367C6006F6625 /* Networking */ = {
			isa = PBXGroup;
			children = (
				A164C4B929D367F9006F6625 /* Services */,
				A164C4BA29D368FC006F6625 /* NetworkManager.swift */,
			);
			path = Networking;
			sourceTree = "<group>";
		};
		A164C4B929D367F9006F6625 /* Services */ = {
			isa = PBXGroup;
			children = (
				A164C4C129D36A22006F6625 /* ImageLoaderService.swift */,
				A164C4D129D3744E006F6625 /* FriendListService.swift */,
			);
			path = Services;
			sourceTree = "<group>";
		};
		A164C4BC29D3696C006F6625 /* Extentions */ = {
			isa = PBXGroup;
			children = (
				A164C4BF29D369BB006F6625 /* UrlExtension.swift */,
			);
			path = Extentions;
			sourceTree = "<group>";
		};
		A164C4C329D36A3A006F6625 /* Components */ = {
			isa = PBXGroup;
			children = (
				A164C4C429D36A53006F6625 /* ImageLoader */,
				A164C4CB29D36F63006F6625 /* NoDataView.swift */,
				A1E0151F29D4A9D6002B25B1 /* InfoItemView.swift */,
			);
			path = Components;
			sourceTree = "<group>";
		};
		A164C4C429D36A53006F6625 /* ImageLoader */ = {
			isa = PBXGroup;
			children = (
				A164C4C629D36ADD006F6625 /* View */,
				A164C4C529D36AD5006F6625 /* Viewmodel */,
			);
			path = ImageLoader;
			sourceTree = "<group>";
		};
		A164C4C529D36AD5006F6625 /* Viewmodel */ = {
			isa = PBXGroup;
			children = (
				A164C4C729D36AFC006F6625 /* ImageLoaderViewModel.swift */,
			);
			path = Viewmodel;
			sourceTree = "<group>";
		};
		A164C4C629D36ADD006F6625 /* View */ = {
			isa = PBXGroup;
			children = (
				A164C4C929D36B1A006F6625 /* ImageLoaderView.swift */,
			);
			path = View;
			sourceTree = "<group>";
		};
		A164C4D329D375B6006F6625 /* Friends */ = {
			isa = PBXGroup;
			children = (
				A164C4D529D375C5006F6625 /* View */,
				A164C4D429D375BD006F6625 /* ViewModel */,
			);
			path = Friends;
			sourceTree = "<group>";
		};
		A164C4D429D375BD006F6625 /* ViewModel */ = {
			isa = PBXGroup;
			children = (
				A164C4D629D375D8006F6625 /* FriendsViewModel.swift */,
			);
			path = ViewModel;
			sourceTree = "<group>";
		};
		A164C4D529D375C5006F6625 /* View */ = {
			isa = PBXGroup;
			children = (
				A164C4D829D38099006F6625 /* FriendsGridView.swift */,
				A1E0151B29D4A498002B25B1 /* FriendsDetailsView.swift */,
				A1E0151D29D4A4F9002B25B1 /* FriendGridItemView.swift */,
			);
			path = View;
			sourceTree = "<group>";
		};
/* End PBXGroup section */

/* Begin PBXNativeTarget section */
		A164C4A329D3676A006F6625 /* FriendsApp */ = {
			isa = PBXNativeTarget;
			buildConfigurationList = A164C4B229D3676C006F6625 /* Build configuration list for PBXNativeTarget "FriendsApp" */;
			buildPhases = (
				A164C4A029D3676A006F6625 /* Sources */,
				A164C4A129D3676A006F6625 /* Frameworks */,
				A164C4A229D3676A006F6625 /* Resources */,
			);
			buildRules = (
			);
			dependencies = (
			);
			name = FriendsApp;
			productName = FriendsApp;
			productReference = A164C4A429D3676A006F6625 /* FriendsApp.app */;
			productType = "com.apple.product-type.application";
		};
/* End PBXNativeTarget section */

/* Begin PBXProject section */
		A164C49C29D3676A006F6625 /* Project object */ = {
			isa = PBXProject;
			attributes = {
				BuildIndependentTargetsInParallel = 1;
				LastSwiftUpdateCheck = 1420;
				LastUpgradeCheck = 1420;
				TargetAttributes = {
					A164C4A329D3676A006F6625 = {
						CreatedOnToolsVersion = 14.2;
					};
				};
			};
			buildConfigurationList = A164C49F29D3676A006F6625 /* Build configuration list for PBXProject "FriendsApp" */;
			compatibilityVersion = "Xcode 14.0";
			developmentRegion = en;
			hasScannedForEncodings = 0;
			knownRegions = (
				en,
				Base,
			);
			mainGroup = A164C49B29D3676A006F6625;
			productRefGroup = A164C4A529D3676A006F6625 /* Products */;
			projectDirPath = "";
			projectRoot = "";
			targets = (
				A164C4A329D3676A006F6625 /* FriendsApp */,
			);
		};
/* End PBXProject section */

/* Begin PBXResourcesBuildPhase section */
		A164C4A229D3676A006F6625 /* Resources */ = {
			isa = PBXResourcesBuildPhase;
			buildActionMask = 2147483647;
			files = (
				A164C4AF29D3676C006F6625 /* Preview Assets.xcassets in Resources */,
				A164C4AC29D3676C006F6625 /* Assets.xcassets in Resources */,
			);
			runOnlyForDeploymentPostprocessing = 0;
		};
/* End PBXResourcesBuildPhase section */

/* Begin PBXSourcesBuildPhase section */
		A164C4A029D3676A006F6625 /* Sources */ = {
			isa = PBXSourcesBuildPhase;
			buildActionMask = 2147483647;
			files = (
				A164C4C229D36A22006F6625 /* ImageLoaderService.swift in Sources */,
				A164C4C829D36AFC006F6625 /* ImageLoaderViewModel.swift in Sources */,
				A164C4BB29D368FC006F6625 /* NetworkManager.swift in Sources */,
				A1E0151C29D4A498002B25B1 /* FriendsDetailsView.swift in Sources */,
				A164C4AA29D3676A006F6625 /* ContentView.swift in Sources */,
				A164C4C029D369BB006F6625 /* UrlExtension.swift in Sources */,
				A1E0152029D4A9D6002B25B1 /* InfoItemView.swift in Sources */,
				A164C4CA29D36B1A006F6625 /* ImageLoaderView.swift in Sources */,
				A164C4A829D3676A006F6625 /* FriendsAppApp.swift in Sources */,
				A164C4D229D3744E006F6625 /* FriendListService.swift in Sources */,
				A164C4D929D38099006F6625 /* FriendsGridView.swift in Sources */,
				A164C4CC29D36F63006F6625 /* NoDataView.swift in Sources */,
				A1E0151E29D4A4F9002B25B1 /* FriendGridItemView.swift in Sources */,
				A164C4CE29D37114006F6625 /* ResponseModel.swift in Sources */,
				A164C4BE29D3698F006F6625 /* AppConstants.swift in Sources */,
				A164C4D729D375D8006F6625 /* FriendsViewModel.swift in Sources */,
				A164C4D029D37145006F6625 /* UserModel.swift in Sources */,
			);
			runOnlyForDeploymentPostprocessing = 0;
		};
/* End PBXSourcesBuildPhase section */

/* Begin XCBuildConfiguration section */
		A164C4B029D3676C006F6625 /* Debug */ = {
			isa = XCBuildConfiguration;
			buildSettings = {
				ALWAYS_SEARCH_USER_PATHS = NO;
				CLANG_ANALYZER_NONNULL = YES;
				CLANG_ANALYZER_NUMBER_OBJECT_CONVERSION = YES_AGGRESSIVE;
				CLANG_CXX_LANGUAGE_STANDARD = "gnu++20";
				CLANG_ENABLE_MODULES = YES;
				CLANG_ENABLE_OBJC_ARC = YES;
				CLANG_ENABLE_OBJC_WEAK = YES;
				CLANG_WARN_BLOCK_CAPTURE_AUTORELEASING = YES;
				CLANG_WARN_BOOL_CONVERSION = YES;
				CLANG_WARN_COMMA = YES;
				CLANG_WARN_CONSTANT_CONVERSION = YES;
				CLANG_WARN_DEPRECATED_OBJC_IMPLEMENTATIONS = YES;
				CLANG_WARN_DIRECT_OBJC_ISA_USAGE = YES_ERROR;
				CLANG_WARN_DOCUMENTATION_COMMENTS = YES;
				CLANG_WARN_EMPTY_BODY = YES;
				CLANG_WARN_ENUM_CONVERSION = YES;
				CLANG_WARN_INFINITE_RECURSION = YES;
				CLANG_WARN_INT_CONVERSION = YES;
				CLANG_WARN_NON_LITERAL_NULL_CONVERSION = YES;
				CLANG_WARN_OBJC_IMPLICIT_RETAIN_SELF = YES;
				CLANG_WARN_OBJC_LITERAL_CONVERSION = YES;
				CLANG_WARN_OBJC_ROOT_CLASS = YES_ERROR;
				CLANG_WARN_QUOTED_INCLUDE_IN_FRAMEWORK_HEADER = YES;
				CLANG_WARN_RANGE_LOOP_ANALYSIS = YES;
				CLANG_WARN_STRICT_PROTOTYPES = YES;
				CLANG_WARN_SUSPICIOUS_MOVE = YES;
				CLANG_WARN_UNGUARDED_AVAILABILITY = YES_AGGRESSIVE;
				CLANG_WARN_UNREACHABLE_CODE = YES;
				CLANG_WARN__DUPLICATE_METHOD_MATCH = YES;
				COPY_PHASE_STRIP = NO;
				DEBUG_INFORMATION_FORMAT = dwarf;
				ENABLE_STRICT_OBJC_MSGSEND = YES;
				ENABLE_TESTABILITY = YES;
				GCC_C_LANGUAGE_STANDARD = gnu11;
				GCC_DYNAMIC_NO_PIC = NO;
				GCC_NO_COMMON_BLOCKS = YES;
				GCC_OPTIMIZATION_LEVEL = 0;
				GCC_PREPROCESSOR_DEFINITIONS = (
					"DEBUG=1",
					"$(inherited)",
				);
				GCC_WARN_64_TO_32_BIT_CONVERSION = YES;
				GCC_WARN_ABOUT_RETURN_TYPE = YES_ERROR;
				GCC_WARN_UNDECLARED_SELECTOR = YES;
				GCC_WARN_UNINITIALIZED_AUTOS = YES_AGGRESSIVE;
				GCC_WARN_UNUSED_FUNCTION = YES;
				GCC_WARN_UNUSED_VARIABLE = YES;
				IPHONEOS_DEPLOYMENT_TARGET = 16.2;
				MTL_ENABLE_DEBUG_INFO = INCLUDE_SOURCE;
				MTL_FAST_MATH = YES;
				ONLY_ACTIVE_ARCH = YES;
				SDKROOT = iphoneos;
				SWIFT_ACTIVE_COMPILATION_CONDITIONS = DEBUG;
				SWIFT_OPTIMIZATION_LEVEL = "-Onone";
			};
			name = Debug;
		};
		A164C4B129D3676C006F6625 /* Release */ = {
			isa = XCBuildConfiguration;
			buildSettings = {
				ALWAYS_SEARCH_USER_PATHS = NO;
				CLANG_ANALYZER_NONNULL = YES;
				CLANG_ANALYZER_NUMBER_OBJECT_CONVERSION = YES_AGGRESSIVE;
				CLANG_CXX_LANGUAGE_STANDARD = "gnu++20";
				CLANG_ENABLE_MODULES = YES;
				CLANG_ENABLE_OBJC_ARC = YES;
				CLANG_ENABLE_OBJC_WEAK = YES;
				CLANG_WARN_BLOCK_CAPTURE_AUTORELEASING = YES;
				CLANG_WARN_BOOL_CONVERSION = YES;
				CLANG_WARN_COMMA = YES;
				CLANG_WARN_CONSTANT_CONVERSION = YES;
				CLANG_WARN_DEPRECATED_OBJC_IMPLEMENTATIONS = YES;
				CLANG_WARN_DIRECT_OBJC_ISA_USAGE = YES_ERROR;
				CLANG_WARN_DOCUMENTATION_COMMENTS = YES;
				CLANG_WARN_EMPTY_BODY = YES;
				CLANG_WARN_ENUM_CONVERSION = YES;
				CLANG_WARN_INFINITE_RECURSION = YES;
				CLANG_WARN_INT_CONVERSION = YES;
				CLANG_WARN_NON_LITERAL_NULL_CONVERSION = YES;
				CLANG_WARN_OBJC_IMPLICIT_RETAIN_SELF = YES;
				CLANG_WARN_OBJC_LITERAL_CONVERSION = YES;
				CLANG_WARN_OBJC_ROOT_CLASS = YES_ERROR;
				CLANG_WARN_QUOTED_INCLUDE_IN_FRAMEWORK_HEADER = YES;
				CLANG_WARN_RANGE_LOOP_ANALYSIS = YES;
				CLANG_WARN_STRICT_PROTOTYPES = YES;
				CLANG_WARN_SUSPICIOUS_MOVE = YES;
				CLANG_WARN_UNGUARDED_AVAILABILITY = YES_AGGRESSIVE;
				CLANG_WARN_UNREACHABLE_CODE = YES;
				CLANG_WARN__DUPLICATE_METHOD_MATCH = YES;
				COPY_PHASE_STRIP = NO;
				DEBUG_INFORMATION_FORMAT = "dwarf-with-dsym";
				ENABLE_NS_ASSERTIONS = NO;
				ENABLE_STRICT_OBJC_MSGSEND = YES;
				GCC_C_LANGUAGE_STANDARD = gnu11;
				GCC_NO_COMMON_BLOCKS = YES;
				GCC_WARN_64_TO_32_BIT_CONVERSION = YES;
				GCC_WARN_ABOUT_RETURN_TYPE = YES_ERROR;
				GCC_WARN_UNDECLARED_SELECTOR = YES;
				GCC_WARN_UNINITIALIZED_AUTOS = YES_AGGRESSIVE;
				GCC_WARN_UNUSED_FUNCTION = YES;
				GCC_WARN_UNUSED_VARIABLE = YES;
				IPHONEOS_DEPLOYMENT_TARGET = 16.2;
				MTL_ENABLE_DEBUG_INFO = NO;
				MTL_FAST_MATH = YES;
				SDKROOT = iphoneos;
				SWIFT_COMPILATION_MODE = wholemodule;
				SWIFT_OPTIMIZATION_LEVEL = "-O";
				VALIDATE_PRODUCT = YES;
			};
			name = Release;
		};
		A164C4B329D3676C006F6625 /* Debug */ = {
			isa = XCBuildConfiguration;
			buildSettings = {
				ASSETCATALOG_COMPILER_APPICON_NAME = AppIcon;
				ASSETCATALOG_COMPILER_GLOBAL_ACCENT_COLOR_NAME = AccentColor;
				CODE_SIGN_STYLE = Automatic;
				CURRENT_PROJECT_VERSION = 1;
				DEVELOPMENT_ASSET_PATHS = "\"FriendsApp/Preview Content\"";
				DEVELOPMENT_TEAM = 33Z26KH6FC;
				ENABLE_PREVIEWS = YES;
				GENERATE_INFOPLIST_FILE = YES;
				INFOPLIST_FILE = FriendsApp/Info.plist;
				INFOPLIST_KEY_UIApplicationSceneManifest_Generation = YES;
				INFOPLIST_KEY_UIApplicationSupportsIndirectInputEvents = YES;
				INFOPLIST_KEY_UILaunchScreen_Generation = YES;
				INFOPLIST_KEY_UISupportedInterfaceOrientations_iPad = "UIInterfaceOrientationPortrait UIInterfaceOrientationPortraitUpsideDown UIInterfaceOrientationLandscapeLeft UIInterfaceOrientationLandscapeRight";
				INFOPLIST_KEY_UISupportedInterfaceOrientations_iPhone = "UIInterfaceOrientationPortrait UIInterfaceOrientationLandscapeLeft UIInterfaceOrientationLandscapeRight";
				LD_RUNPATH_SEARCH_PATHS = (
					"$(inherited)",
					"@executable_path/Frameworks",
				);
				MARKETING_VERSION = 1.0;
				PRODUCT_BUNDLE_IDENTIFIER = com.shakhawat.FriendsApp;
				PRODUCT_NAME = "$(TARGET_NAME)";
				SWIFT_EMIT_LOC_STRINGS = YES;
				SWIFT_VERSION = 5.0;
				TARGETED_DEVICE_FAMILY = "1,2";
			};
			name = Debug;
		};
		A164C4B429D3676C006F6625 /* Release */ = {
			isa = XCBuildConfiguration;
			buildSettings = {
				ASSETCATALOG_COMPILER_APPICON_NAME = AppIcon;
				ASSETCATALOG_COMPILER_GLOBAL_ACCENT_COLOR_NAME = AccentColor;
				CODE_SIGN_STYLE = Automatic;
				CURRENT_PROJECT_VERSION = 1;
				DEVELOPMENT_ASSET_PATHS = "\"FriendsApp/Preview Content\"";
				DEVELOPMENT_TEAM = 33Z26KH6FC;
				ENABLE_PREVIEWS = YES;
				GENERATE_INFOPLIST_FILE = YES;
				INFOPLIST_FILE = FriendsApp/Info.plist;
				INFOPLIST_KEY_UIApplicationSceneManifest_Generation = YES;
				INFOPLIST_KEY_UIApplicationSupportsIndirectInputEvents = YES;
				INFOPLIST_KEY_UILaunchScreen_Generation = YES;
				INFOPLIST_KEY_UISupportedInterfaceOrientations_iPad = "UIInterfaceOrientationPortrait UIInterfaceOrientationPortraitUpsideDown UIInterfaceOrientationLandscapeLeft UIInterfaceOrientationLandscapeRight";
				INFOPLIST_KEY_UISupportedInterfaceOrientations_iPhone = "UIInterfaceOrientationPortrait UIInterfaceOrientationLandscapeLeft UIInterfaceOrientationLandscapeRight";
				LD_RUNPATH_SEARCH_PATHS = (
					"$(inherited)",
					"@executable_path/Frameworks",
				);
				MARKETING_VERSION = 1.0;
				PRODUCT_BUNDLE_IDENTIFIER = com.shakhawat.FriendsApp;
				PRODUCT_NAME = "$(TARGET_NAME)";
				SWIFT_EMIT_LOC_STRINGS = YES;
				SWIFT_VERSION = 5.0;
				TARGETED_DEVICE_FAMILY = "1,2";
			};
			name = Release;
		};
/* End XCBuildConfiguration section */

/* Begin XCConfigurationList section */
		A164C49F29D3676A006F6625 /* Build configuration list for PBXProject "FriendsApp" */ = {
			isa = XCConfigurationList;
			buildConfigurations = (
				A164C4B029D3676C006F6625 /* Debug */,
				A164C4B129D3676C006F6625 /* Release */,
			);
			defaultConfigurationIsVisible = 0;
			defaultConfigurationName = Release;
		};
		A164C4B229D3676C006F6625 /* Build configuration list for PBXNativeTarget "FriendsApp" */ = {
			isa = XCConfigurationList;
			buildConfigurations = (
				A164C4B329D3676C006F6625 /* Debug */,
				A164C4B429D3676C006F6625 /* Release */,
			);
			defaultConfigurationIsVisible = 0;
			defaultConfigurationName = Release;
		};
/* End XCConfigurationList section */
	};
	rootObject = A164C49C29D3676A006F6625 /* Project object */;
}
